{
    "_readme": [
        "This file locks the dependencies of your project to a known state",
        "Read more about it at https://getcomposer.org/doc/01-basic-usage.md#installing-dependencies",
        "This file is @generated automatically"
    ],
    "content-hash": "12474f656c0f46873a95ff0645d1e4b7",
    "packages": [
        {
            "name": "imsglobal/caliper",
            "version": "1.2.0",
            "dist": {
                "type": "zip",
                "url": "https://github.com/ubc/mediawiki-extensions-caliper/raw/master/packages/caliper-php.zip"
            },
            "type": "library",
            "autoload": {
                "psr-4": {
                    "IMSGlobal\\Caliper\\": "src/"
                }
            }
        }
    ],
    "packages-dev": [],
    "aliases": [],
    "minimum-stability": "stable",
    "stability-flags": [],
    "prefer-stable": false,
    "prefer-lowest": false,
    "platform": [],
    "platform-dev": [],
    "plugin-api-version": "2.2.0"
}
